
Microsoft Visual Studio Solution File, Format Version 12.00
# Visual Studio Version 18
VisualStudioVersion = 18.10.12224.181 stable
MinimumVisualStudioVersion = 10.0.40219.1
Project("{2150E333-8FDC-42A3-9474-1A3956D46DE8}") = "src", "src", "{827E0CD3-B72D-47B6-A68D-7590B98EB39B}"
EndProject
Project("{FAE04EC0-301F-11D3-BF4B-00C04F79EFBC}") = "Ghurify.Domain", "src\Ghurify.Domain\Ghurify.Domain.csproj", "{D28D8BA7-41E9-4D06-B9CF-CF49611731B2}"
EndProject
Project("{FAE04EC0-301F-11D3-BF4B-00C04F79EFBC}") = "Ghurify.Application", "src\Ghurify.Application\Ghurify.Application.csproj", "{B68A578C-F3E4-4F7B-8813-411580107485}"
EndProject
Project("{FAE04EC0-301F-11D3-BF4B-00C04F79EFBC}") = "Ghurify.Infrastructure", "src\Ghurify.Infrastructure\Ghurify.Infrastructure.csproj", "{8D6D1AF5-6B9D-4DF3-92D0-D1D998B4780F}"
EndProject
Project("{FAE04EC0-301F-11D3-BF4B-00C04F79EFBC}") = "Ghurify.Api", "src\Ghurify.Api\Ghurify.Api.csproj", "{8D069BAF-2D2E-4FBE-A138-D89A838CE626}"
EndProject
Project("{FAE04EC0-301F-11D3-BF4B-00C04F79EFBC}") = "Ghurify.DatabaseUpdate", "src\Ghurify.DatabaseUpdate\Ghurify.DatabaseUpdate.csproj", "{7DF83300-13F0-4E0D-A787-954F7605CEE4}"
EndProject
Project("{2150E333-8FDC-42A3-9474-1A3956D46DE8}") = "Database", "Database", "{76D67ED7-F942-09D1-EB9C-5DD1CD93BD2D}"
EndProject
Project("{00D1A9C2-B5F0-4AF3-8072-F6C62B433612}") = "Ghurify.Database", "src\Database\Ghurify.Database\Ghurify.Database.sqlproj", "{70F6B75A-3206-413F-BE82-7901B8ABE2E7}"
EndProject
Project("{2150E333-8FDC-42A3-9474-1A3956D46DE8}") = "tests", "tests", "{0AB3BF05-4346-4AA6-1389-037BE0695223}"
EndProject
Project("{FAE04EC0-301F-11D3-BF4B-00C04F79EFBC}") = "Ghurify.UnitTests", "tests\Ghurify.UnitTests\Ghurify.UnitTests.csproj", "{0011E495-05C0-4F64-AB42-8918B9415EEA}"
EndProject
Project("{FAE04EC0-301F-11D3-BF4B-00C04F79EFBC}") = "Ghurify.IntegrationTests", "tests\Ghurify.IntegrationTests\Ghurify.IntegrationTests.csproj", "{455B4ABB-2E24-4099-81E0-32B29030ADA5}"
EndProject
Global
	GlobalSection(SolutionConfigurationPlatforms) = preSolution
		Debug|Any CPU = Debug|Any CPU
		Debug|x64 = Debug|x64
		Debug|x86 = Debug|x86
		Release|Any CPU = Release|Any CPU
		Release|x64 = Release|x64
		Release|x86 = Release|x86
	EndGlobalSection
	GlobalSection(ProjectConfigurationPlatforms) = postSolution
		{D28D8BA7-41E9-4D06-B9CF-CF49611731B2}.Debug|Any CPU.ActiveCfg = Debug|Any CPU
		{D28D8BA7-41E9-4D06-B9CF-CF49611731B2}.Debug|Any CPU.Build.0 = Debug|Any CPU
		{D28D8BA7-41E9-4D06-B9CF-CF49611731B2}.Debug|x64.ActiveCfg = Debug|Any CPU
		{D28D8BA7-41E9-4D06-B9CF-CF49611731B2}.Debug|x64.Build.0 = Debug|Any CPU
		{D28D8BA7-41E9-4D06-B9CF-CF49611731B2}.Debug|x86.ActiveCfg = Debug|Any CPU
		{D28D8BA7-41E9-4D06-B9CF-CF49611731B2}.Debug|x86.Build.0 = Debug|Any CPU
		{D28D8BA7-41E9-4D06-B9CF-CF49611731B2}.Release|Any CPU.ActiveCfg = Release|Any CPU
		{D28D8BA7-41E9-4D06-B9CF-CF49611731B2}.Release|Any CPU.Build.0 = Release|Any CPU
		{D28D8BA7-41E9-4D06-B9CF-CF49611731B2}.Release|x64.ActiveCfg = Release|Any CPU
		{D28D8BA7-41E9-4D06-B9CF-CF49611731B2}.Release|x64.Build.0 = Release|Any CPU
		{D28D8BA7-41E9-4D06-B9CF-CF49611731B2}.Release|x86.ActiveCfg = Release|Any CPU
		{D28D8BA7-41E9-4D06-B9CF-CF49611731B2}.Release|x86.Build.0 = Release|Any CPU
		{B68A578C-F3E4-4F7B-8813-411580107485}.Debug|Any CPU.ActiveCfg = Debug|Any CPU
		{B68A578C-F3E4-4F7B-8813-411580107485}.Debug|Any CPU.Build.0 = Debug|Any CPU
		{B68A578C-F3E4-4F7B-8813-411580107485}.Debug|x64.ActiveCfg = Debug|Any CPU
		{B68A578C-F3E4-4F7B-8813-411580107485}.Debug|x64.Build.0 = Debug|Any CPU
		{B68A578C-F3E4-4F7B-8813-411580107485}.Debug|x86.ActiveCfg = Debug|Any CPU
		{B68A578C-F3E4-4F7B-8813-411580107485}.Debug|x86.Build.0 = Debug|Any CPU
		{B68A578C-F3E4-4F7B-8813-411580107485}.Release|Any CPU.ActiveCfg = Release|Any CPU
		{B68A578C-F3E4-4F7B-8813-411580107485}.Release|Any CPU.Build.0 = Release|Any CPU
		{B68A578C-F3E4-4F7B-8813-411580107485}.Release|x64.ActiveCfg = Release|Any CPU
		{B68A578C-F3E4-4F7B-8813-411580107485}.Release|x64.Build.0 = Release|Any CPU
		{B68A578C-F3E4-4F7B-8813-411580107485}.Release|x86.ActiveCfg = Release|Any CPU
		{B68A578C-F3E4-4F7B-8813-411580107485}.Release|x86.Build.0 = Release|Any CPU
		{8D6D1AF5-6B9D-4DF3-92D0-D1D998B4780F}.Debug|Any CPU.ActiveCfg = Debug|Any CPU
		{8D6D1AF5-6B9D-4DF3-92D0-D1D998B4780F}.Debug|Any CPU.Build.0 = Debug|Any CPU
		{8D6D1AF5-6B9D-4DF3-92D0-D1D998B4780F}.Debug|x64.ActiveCfg = Debug|Any CPU
		{8D6D1AF5-6B9D-4DF3-92D0-D1D998B4780F}.Debug|x64.Build.0 = Debug|Any CPU
		{8D6D1AF5-6B9D-4DF3-92D0-D1D998B4780F}.Debug|x86.ActiveCfg = Debug|Any CPU
		{8D6D1AF5-6B9D-4DF3-92D0-D1D998B4780F}.Debug|x86.Build.0 = Debug|Any CPU
		{8D6D1AF5-6B9D-4DF3-92D0-D1D998B4780F}.Release|Any CPU.ActiveCfg = Release|Any CPU
		{8D6D1AF5-6B9D-4DF3-92D0-D1D998B4780F}.Release|Any CPU.Build.0 = Release|Any CPU
		{8D6D1AF5-6B9D-4DF3-92D0-D1D998B4780F}.Release|x64.ActiveCfg = Release|Any CPU
		{8D6D1AF5-6B9D-4DF3-92D0-D1D998B4780F}.Release|x64.Build.0 = Release|Any CPU
		{8D6D1AF5-6B9D-4DF3-92D0-D1D998B4780F}.Release|x86.ActiveCfg = Release|Any CPU
		{8D6D1AF5-6B9D-4DF3-92D0-D1D998B4780F}.Release|x86.Build.0 = Release|Any CPU
		{8D069BAF-2D2E-4FBE-A138-D89A838CE626}.Debug|Any CPU.ActiveCfg = Debug|Any CPU
		{8D069BAF-2D2E-4FBE-A138-D89A838CE626}.Debug|Any CPU.Build.0 = Debug|Any CPU
		{8D069BAF-2D2E-4FBE-A138-D89A838CE626}.Debug|x64.ActiveCfg = Debug|Any CPU
		{8D069BAF-2D2E-4FBE-A138-D89A838CE626}.Debug|x64.Build.0 = Debug|Any CPU
		{8D069BAF-2D2E-4FBE-A138-D89A838CE626}.Debug|x86.ActiveCfg = Debug|Any CPU
		{8D069BAF-2D2E-4FBE-A138-D89A838CE626}.Debug|x86.Build.0 = Debug|Any CPU
		{8D069BAF-2D2E-4FBE-A138-D89A838CE626}.Release|Any CPU.ActiveCfg = Release|Any CPU
		{8D069BAF-2D2E-4FBE-A138-D89A838CE626}.Release|Any CPU.Build.0 = Release|Any CPU
		{8D069BAF-2D2E-4FBE-A138-D89A838CE626}.Release|x64.ActiveCfg = Release|Any CPU
		{8D069BAF-2D2E-4FBE-A138-D89A838CE626}.Release|x64.Build.0 = Release|Any CPU
		{8D069BAF-2D2E-4FBE-A138-D89A838CE626}.Release|x86.ActiveCfg = Release|Any CPU
		{8D069BAF-2D2E-4FBE-A138-D89A838CE626}.Release|x86.Build.0 = Release|Any CPU
		{7DF83300-13F0-4E0D-A787-954F7605CEE4}.Debug|Any CPU.ActiveCfg = Debug|Any CPU
		{7DF83300-13F0-4E0D-A787-954F7605CEE4}.Debug|Any CPU.Build.0 = Debug|Any CPU
		{7DF83300-13F0-4E0D-A787-954F7605CEE4}.Debug|x64.ActiveCfg = Debug|Any CPU
		{7DF83300-13F0-4E0D-A787-954F7605CEE4}.Debug|x64.Build.0 = Debug|Any CPU
		{7DF83300-13F0-4E0D-A787-954F7605CEE4}.Debug|x86.ActiveCfg = Debug|Any CPU
		{7DF83300-13F0-4E0D-A787-954F7605CEE4}.Debug|x86.Build.0 = Debug|Any CPU
		{7DF83300-13F0-4E0D-A787-954F7605CEE4}.Release|Any CPU.ActiveCfg = Release|Any CPU
		{7DF83300-13F0-4E0D-A787-954F7605CEE4}.Release|Any CPU.Build.0 = Release|Any CPU
		{7DF83300-13F0-4E0D-A787-954F7605CEE4}.Release|x64.ActiveCfg = Release|Any CPU
		{7DF83300-13F0-4E0D-A787-954F7605CEE4}.Release|x64.Build.0 = Release|Any CPU
		{7DF83300-13F0-4E0D-A787-954F7605CEE4}.Release|x86.ActiveCfg = Release|Any CPU
		{7DF83300-13F0-4E0D-A787-954F7605CEE4}.Release|x86.Build.0 = Release|Any CPU
		{70F6B75A-3206-413F-BE82-7901B8ABE2E7}.Debug|Any CPU.ActiveCfg = Debug|Any CPU
		{70F6B75A-3206-413F-BE82-7901B8ABE2E7}.Debug|Any CPU.Build.0 = Debug|Any CPU
		{70F6B75A-3206-413F-BE82-7901B8ABE2E7}.Debug|x64.ActiveCfg = Debug|Any CPU
		{70F6B75A-3206-413F-BE82-7901B8ABE2E7}.Debug|x64.Build.0 = Debug|Any CPU
		{70F6B75A-3206-413F-BE82-7901B8ABE2E7}.Debug|x86.ActiveCfg = Debug|Any CPU
		{70F6B75A-3206-413F-BE82-7901B8ABE2E7}.Debug|x86.Build.0 = Debug|Any CPU
		{70F6B75A-3206-413F-BE82-7901B8ABE2E7}.Release|Any CPU.ActiveCfg = Release|Any CPU
		{70F6B75A-3206-413F-BE82-7901B8ABE2E7}.Release|Any CPU.Build.0 = Release|Any CPU
		{70F6B75A-3206-413F-BE82-7901B8ABE2E7}.Release|x64.ActiveCfg = Release|Any CPU
		{70F6B75A-3206-413F-BE82-7901B8ABE2E7}.Release|x64.Build.0 = Release|Any CPU
		{70F6B75A-3206-413F-BE82-7901B8ABE2E7}.Release|x86.ActiveCfg = Release|Any CPU
		{70F6B75A-3206-413F-BE82-7901B8ABE2E7}.Release|x86.Build.0 = Release|Any CPU
		{0011E495-05C0-4F64-AB42-8918B9415EEA}.Debug|Any CPU.ActiveCfg = Debug|Any CPU
		{0011E495-05C0-4F64-AB42-8918B9415EEA}.Debug|Any CPU.Build.0 = Debug|Any CPU
		{0011E495-05C0-4F64-AB42-8918B9415EEA}.Debug|x64.ActiveCfg = Debug|Any CPU
		{0011E495-05C0-4F64-AB42-8918B9415EEA}.Debug|x64.Build.0 = Debug|Any CPU
		{0011E495-05C0-4F64-AB42-8918B9415EEA}.Debug|x86.ActiveCfg = Debug|Any CPU
		{0011E495-05C0-4F64-AB42-8918B9415EEA}.Debug|x86.Build.0 = Debug|Any CPU
		{0011E495-05C0-4F64-AB42-8918B9415EEA}.Release|Any CPU.ActiveCfg = Release|Any CPU
		{0011E495-05C0-4F64-AB42-8918B9415EEA}.Release|Any CPU.Build.0 = Release|Any CPU
		{0011E495-05C0-4F64-AB42-8918B9415EEA}.Release|x64.ActiveCfg = Release|Any CPU
		{0011E495-05C0-4F64-AB42-8918B9415EEA}.Release|x64.Build.0 = Release|Any CPU
		{0011E495-05C0-4F64-AB42-8918B9415EEA}.Release|x86.ActiveCfg = Release|Any CPU
		{0011E495-05C0-4F64-AB42-8918B9415EEA}.Release|x86.Build.0 = Release|Any CPU
		{455B4ABB-2E24-4099-81E0-32B29030ADA5}.Debug|Any CPU.ActiveCfg = Debug|Any CPU
		{455B4ABB-2E24-4099-81E0-32B29030ADA5}.Debug|Any CPU.Build.0 = Debug|Any CPU
		{455B4ABB-2E24-4099-81E0-32B29030ADA5}.Debug|x64.ActiveCfg = Debug|Any CPU
		{455B4ABB-2E24-4099-81E0-32B29030ADA5}.Debug|x64.Build.0 = Debug|Any CPU
		{455B4ABB-2E24-4099-81E0-32B29030ADA5}.Debug|x86.ActiveCfg = Debug|Any CPU
		{455B4ABB-2E24-4099-81E0-32B29030ADA5}.Debug|x86.Build.0 = Debug|Any CPU
		{455B4ABB-2E24-4099-81E0-32B29030ADA5}.Release|Any CPU.ActiveCfg = Release|Any CPU
		{455B4ABB-2E24-4099-81E0-32B29030ADA5}.Release|Any CPU.Build.0 = Release|Any CPU
		{455B4ABB-2E24-4099-81E0-32B29030ADA5}.Release|x64.ActiveCfg = Release|Any CPU
		{455B4ABB-2E24-4099-81E0-32B29030ADA5}.Release|x64.Build.0 = Release|Any CPU
		{455B4ABB-2E24-4099-81E0-32B29030ADA5}.Release|x86.ActiveCfg = Release|Any CPU
		{455B4ABB-2E24-4099-81E0-32B29030ADA5}.Release|x86.Build.0 = Release|Any CPU
	EndGlobalSection
	GlobalSection(SolutionProperties) = preSolution
		HideSolutionNode = FALSE
	EndGlobalSection
	GlobalSection(NestedProjects) = preSolution
		{D28D8BA7-41E9-4D06-B9CF-CF49611731B2} = {827E0CD3-B72D-47B6-A68D-7590B98EB39B}
		{B68A578C-F3E4-4F7B-8813-411580107485} = {827E0CD3-B72D-47B6-A68D-7590B98EB39B}
		{8D6D1AF5-6B9D-4DF3-92D0-D1D998B4780F} = {827E0CD3-B72D-47B6-A68D-7590B98EB39B}
		{8D069BAF-2D2E-4FBE-A138-D89A838CE626} = {827E0CD3-B72D-47B6-A68D-7590B98EB39B}
		{7DF83300-13F0-4E0D-A787-954F7605CEE4} = {827E0CD3-B72D-47B6-A68D-7590B98EB39B}
		{76D67ED7-F942-09D1-EB9C-5DD1CD93BD2D} = {827E0CD3-B72D-47B6-A68D-7590B98EB39B}
		{70F6B75A-3206-413F-BE82-7901B8ABE2E7} = {76D67ED7-F942-09D1-EB9C-5DD1CD93BD2D}
		{0011E495-05C0-4F64-AB42-8918B9415EEA} = {0AB3BF05-4346-4AA6-1389-037BE0695223}
		{455B4ABB-2E24-4099-81E0-32B29030ADA5} = {0AB3BF05-4346-4AA6-1389-037BE0695223}
	EndGlobalSection
	GlobalSection(ExtensibilityGlobals) = postSolution
		SolutionGuid = {716E26F3-EEF8-420F-ACAA-6B40FEB44AA1}
	EndGlobalSection
EndGlobal
